
Microsoft Visual Studio Solution File, Format Version 12.00
Project("{FAE04EC0-301F-11D3-BF4B-00C04F79EFBC}") = "dmHaggisBot", "dmHaggisBot\dmHaggisBot.csproj", "{7B28426E-710F-4C1E-BE8B-833EFC18AEBA}"
EndProject
Project("{FAE04EC0-301F-11D3-BF4B-00C04F79EFBC}") = "SWNUniverseGenerator", "SWNUniverseGenerator\SWNUniverseGenerator.csproj", "{E5DB0444-9A60-4650-9455-6585D691901A}"
EndProject
Project("{FAE04EC0-301F-11D3-BF4B-00C04F79EFBC}") = "SWNConsole", "SWNConsole\SWNConsole.csproj", "{EA72B4B9-58D6-43CE-AC14-2EE08E61C7C6}"
	ProjectSection(ProjectDependencies) = postProject
		{E5DB0444-9A60-4650-9455-6585D691901A} = {E5DB0444-9A60-4650-9455-6585D691901A}
	EndProjectSection
EndProject
Project("{FAE04EC0-301F-11D3-BF4B-00C04F79EFBC}") = "SWNBlazorApp", "SWNBlazorApp\SWNBlazorApp.csproj", "{D8AE2EEC-F88B-4749-AFF7-A99015743F81}"
	ProjectSection(ProjectDependencies) = postProject
		{E5DB0444-9A60-4650-9455-6585D691901A} = {E5DB0444-9A60-4650-9455-6585D691901A}
	EndProjectSection
EndProject
Global
	GlobalSection(SolutionConfigurationPlatforms) = preSolution
		Debug|Any CPU = Debug|Any CPU
		Release|Any CPU = Release|Any CPU
	EndGlobalSection
	GlobalSection(ProjectConfigurationPlatforms) = postSolution
		{7B28426E-710F-4C1E-BE8B-833EFC18AEBA}.Debug|Any CPU.ActiveCfg = Debug|Any CPU
		{7B28426E-710F-4C1E-BE8B-833EFC18AEBA}.Debug|Any CPU.Build.0 = Debug|Any CPU
		{7B28426E-710F-4C1E-BE8B-833EFC18AEBA}.Release|Any CPU.ActiveCfg = Release|Any CPU
		{7B28426E-710F-4C1E-BE8B-833EFC18AEBA}.Release|Any CPU.Build.0 = Release|Any CPU
		{E5DB0444-9A60-4650-9455-6585D691901A}.Debug|Any CPU.ActiveCfg = Debug|Any CPU
		{E5DB0444-9A60-4650-9455-6585D691901A}.Debug|Any CPU.Build.0 = Debug|Any CPU
		{E5DB0444-9A60-4650-9455-6585D691901A}.Release|Any CPU.ActiveCfg = Release|Any CPU
		{E5DB0444-9A60-4650-9455-6585D691901A}.Release|Any CPU.Build.0 = Release|Any CPU
		{EA72B4B9-58D6-43CE-AC14-2EE08E61C7C6}.Debug|Any CPU.ActiveCfg = Debug|Any CPU
		{EA72B4B9-58D6-43CE-AC14-2EE08E61C7C6}.Debug|Any CPU.Build.0 = Debug|Any CPU
		{EA72B4B9-58D6-43CE-AC14-2EE08E61C7C6}.Release|Any CPU.ActiveCfg = Release|Any CPU
		{EA72B4B9-58D6-43CE-AC14-2EE08E61C7C6}.Release|Any CPU.Build.0 = Release|Any CPU
		{D8AE2EEC-F88B-4749-AFF7-A99015743F81}.Debug|Any CPU.ActiveCfg = Debug|Any CPU
		{D8AE2EEC-F88B-4749-AFF7-A99015743F81}.Debug|Any CPU.Build.0 = Debug|Any CPU
		{D8AE2EEC-F88B-4749-AFF7-A99015743F81}.Release|Any CPU.ActiveCfg = Release|Any CPU
		{D8AE2EEC-F88B-4749-AFF7-A99015743F81}.Release|Any CPU.Build.0 = Release|Any CPU
	EndGlobalSection
EndGlobal
